// !$*UTF8*$!
{
	archiveVersion = 1;
	classes = {
	};
	objectVersion = 46;
	objects = {
		D7BA7D76DAB5DD13389D6332 = {
			buildActionMask = 2147483647;
			files = (
				);
			generatedFileNames = (
				);
			isa = PBXShellScriptBuildPhase;
			name = "Qt Qmake";
			neededFileNames = (
				);
			shellPath = "/bin/sh";
			shellScript = "make\ -C\ /Users/bberman/Dropbox/Roto\ -f\ \'main.xcodeproj/qt_makeqmake.mak\'";
		};
		873B869E9F72EB1EF2529A2F = {
			isa = PBXFileReference;
			name = "main.C";
			path = "../main.C";
			refType = 4;
			lastKnownFileType = "sourcecode.cpp.cpp";
		};
		7DF6D26CEC0AB2B15B68E912 = {
			fileRef = "873B869E9F72EB1EF2529A2F";
			isa = PBXBuildFile;
			settings = {
				ATTRIBUTES = (
					);
			};
		};
		2BFBC2437E620B86459A22DA = {
			isa = PBXFileReference;
			name = "mymainwindow.C";
			path = "../mymainwindow.C";
			refType = 4;
			lastKnownFileType = "sourcecode.cpp.cpp";
		};
		33ACFBEC2F50564191E9A4CB = {
			fileRef = "2BFBC2437E620B86459A22DA";
			isa = PBXBuildFile;
			settings = {
				ATTRIBUTES = (
					);
			};
		};
		99C1E481E84850299DCF6DB2 = {
			isa = PBXFileReference;
			name = "centralWidget.C";
			path = "../centralWidget.C";
			refType = 4;
			lastKnownFileType = "sourcecode.cpp.cpp";
		};
		BB63B17A69DFCD22386FD18F = {
			fileRef = "99C1E481E84850299DCF6DB2";
			isa = PBXBuildFile;
			settings = {
				ATTRIBUTES = (
					);
			};
		};
		57FC0AF6644FF3EECFF4478D = {
			isa = PBXFileReference;
			name = "rotoscope.C";
			path = "../rotoscope.C";
			refType = 4;
			lastKnownFileType = "sourcecode.cpp.cpp";
		};
		9F7876BAE362FB5C8F4E3BB4 = {
			fileRef = "57FC0AF6644FF3EECFF4478D";
			isa = PBXBuildFile;
			settings = {
				ATTRIBUTES = (
					);
			};
		};
		027434F74D4B9ABA4985A07F = {
			isa = PBXFileReference;
			name = "imageGraph.C";
			path = "../imageGraph.C";
			refType = 4;
			lastKnownFileType = "sourcecode.cpp.cpp";
		};
		1DE3438DB583673D545ED4F3 = {
			fileRef = "027434F74D4B9ABA4985A07F";
			isa = PBXBuildFile;
			settings = {
				ATTRIBUTES = (
					);
			};
		};
		E1E2088C2FCA771471E4912B = {
			isa = PBXFileReference;
			name = "liveWire.C";
			path = "../liveWire.C";
			refType = 4;
			lastKnownFileType = "sourcecode.cpp.cpp";
		};
		43287C74ACF2224B016B59A3 = {
			fileRef = "E1E2088C2FCA771471E4912B";
			isa = PBXBuildFile;
			settings = {
				ATTRIBUTES = (
					);
			};
		};
		9EA802C568D970B3363931BA = {
			isa = PBXFileReference;
			name = "rotoCurves.C";
			path = "../rotoCurves.C";
			refType = 4;
			lastKnownFileType = "sourcecode.cpp.cpp";
		};
		35E74BD9F58D3510A2F6AA6A = {
			fileRef = "9EA802C568D970B3363931BA";
			isa = PBXBuildFile;
			settings = {
				ATTRIBUTES = (
					);
			};
		};
		EB8053C87D607CC8CD9247D0 = {
			isa = PBXFileReference;
			name = "imgSequence.C";
			path = "../imgSequence.C";
			refType = 4;
			lastKnownFileType = "sourcecode.cpp.cpp";
		};
		F75DEC3968A0F8031A98803C = {
			fileRef = "EB8053C87D607CC8CD9247D0";
			isa = PBXBuildFile;
			settings = {
				ATTRIBUTES = (
					);
			};
		};
		58310D362DD23699D612DF7D = {
			isa = PBXFileReference;
			name = "corresponder.C";
			path = "../corresponder.C";
			refType = 4;
			lastKnownFileType = "sourcecode.cpp.cpp";
		};
		046082AC33894CF5EFE2366A = {
			fileRef = "58310D362DD23699D612DF7D";
			isa = PBXBuildFile;
			settings = {
				ATTRIBUTES = (
					);
			};
		};
		9814BBD867F072CE650143DA = {
			isa = PBXFileReference;
			name = "draw.C";
			path = "../draw.C";
			refType = 4;
			lastKnownFileType = "sourcecode.cpp.cpp";
		};
		150966DFC905F626578C31D7 = {
			fileRef = "9814BBD867F072CE650143DA";
			isa = PBXBuildFile;
			settings = {
				ATTRIBUTES = (
					);
			};
		};
		AFDC271174C2C5813E79FD59 = {
			isa = PBXFileReference;
			name = "drawPath.C";
			path = "../drawPath.C";
			refType = 4;
			lastKnownFileType = "sourcecode.cpp.cpp";
		};
		0E7EF214C0CE9D468C922FC8 = {
			fileRef = "AFDC271174C2C5813E79FD59";
			isa = PBXBuildFile;
			settings = {
				ATTRIBUTES = (
					);
			};
		};
		F9E08E942C2C824671BD25A3 = {
			isa = PBXFileReference;
			name = "drawCurves.C";
			path = "../drawCurves.C";
			refType = 4;
			lastKnownFileType = "sourcecode.cpp.cpp";
		};
		35B47F616079A5F376DCCCFB = {
			fileRef = "F9E08E942C2C824671BD25A3";
			isa = PBXBuildFile;
			settings = {
				ATTRIBUTES = (
					);
			};
		};
		E4EAE1F20D725B255B0CEB82 = {
			isa = PBXFileReference;
			name = "rotoPath.C";
			path = "../rotoPath.C";
			refType = 4;
			lastKnownFileType = "sourcecode.cpp.cpp";
		};
		6DDF70DFA5C75526D638052E = {
			fileRef = "E4EAE1F20D725B255B0CEB82";
			isa = PBXBuildFile;
			settings = {
				ATTRIBUTES = (
					);
			};
		};
		00FDD69B0B06F5C6E8EDDDCC = {
			isa = PBXFileReference;
			name = "Stroke.cpp";
			path = "../hertzStrokes/Stroke.cpp";
			refType = 4;
			lastKnownFileType = "sourcecode.cpp.cpp";
		};
		E0082FC665A229137C296786 = {
			fileRef = "00FDD69B0B06F5C6E8EDDDCC";
			isa = PBXBuildFile;
			settings = {
				ATTRIBUTES = (
					);
			};
		};
		9B763881817E377D0B79418B = {
			isa = PBXFileReference;
			name = "geigerCorresponder.C";
			path = "../geigerCorresponder.C";
			refType = 4;
			lastKnownFileType = "sourcecode.cpp.cpp";
		};
		62268095376312B75E69D283 = {
			fileRef = "9B763881817E377D0B79418B";
			isa = PBXBuildFile;
			settings = {
				ATTRIBUTES = (
					);
			};
		};
		A6ADA17A20611B75B39E2173 = {
			isa = PBXFileReference;
			name = "abstractPath.C";
			path = "../abstractPath.C";
			refType = 4;
			lastKnownFileType = "sourcecode.cpp.cpp";
		};
		7AEC931EAAC897D4398FC590 = {
			fileRef = "A6ADA17A20611B75B39E2173";
			isa = PBXBuildFile;
			settings = {
				ATTRIBUTES = (
					);
			};
		};
		D74ED8DA888DBE47016F3A53 = {
			isa = PBXFileReference;
			name = "interModule.C";
			path = "../interModule.C";
			refType = 4;
			lastKnownFileType = "sourcecode.cpp.cpp";
		};
		D1EBDAF4A097E1C14E4FEF82 = {
			fileRef = "D74ED8DA888DBE47016F3A53";
			isa = PBXBuildFile;
			settings = {
				ATTRIBUTES = (
					);
			};
		};
		18AEE8E4395794345BC1D130 = {
			isa = PBXFileReference;
			name = "FitCurves.c";
			path = "../myCurveFit/FitCurves.c";
			refType = 4;
		};
		5FDF049CA0D12D5FA71CFC02 = {
			fileRef = "18AEE8E4395794345BC1D130";
			isa = PBXBuildFile;
			settings = {
				ATTRIBUTES = (
					);
			};
		};
		166EFC4FB611D2B9AB85BF4A = {
			isa = PBXFileReference;
			name = "GGVecLib.c";
			path = "../myCurveFit/GGVecLib.c";
			refType = 4;
		};
		BB393402C96524817DD96537 = {
			fileRef = "166EFC4FB611D2B9AB85BF4A";
			isa = PBXBuildFile;
			settings = {
				ATTRIBUTES = (
					);
			};
		};
		54CBABBC38396648BCD813E5 = {
			isa = PBXFileReference;
			name = "rangeDialog.C";
			path = "../rangeDialog.C";
			refType = 4;
			lastKnownFileType = "sourcecode.cpp.cpp";
		};
		3D5A3D1A4738E38A167B12E9 = {
			fileRef = "54CBABBC38396648BCD813E5";
			isa = PBXBuildFile;
			settings = {
				ATTRIBUTES = (
					);
			};
		};
		95BB64EDB758A69C94B935E3 = {
			isa = PBXFileReference;
			name = "drawCorresponder.C";
			path = "../drawCorresponder.C";
			refType = 4;
			lastKnownFileType = "sourcecode.cpp.cpp";
		};
		07E5A65482444817745A0F64 = {
			fileRef = "95BB64EDB758A69C94B935E3";
			isa = PBXBuildFile;
			settings = {
				ATTRIBUTES = (
					);
			};
		};
		9C0FAFB771E234E0BECB253C = {
			isa = PBXFileReference;
			name = "rotoCorresponder.C";
			path = "../rotoCorresponder.C";
			refType = 4;
			lastKnownFileType = "sourcecode.cpp.cpp";
		};
		E9A1FC20BB71E8D008F52996 = {
			fileRef = "9C0FAFB771E234E0BECB253C";
			isa = PBXBuildFile;
			settings = {
				ATTRIBUTES = (
					);
			};
		};
		78EBC9B03F97F7572955F4AC = {
			isa = PBXFileReference;
			name = "Texture.C";
			path = "../Texture.C";
			refType = 4;
			lastKnownFileType = "sourcecode.cpp.cpp";
		};
		505BD270B703BD14656C5147 = {
			fileRef = "78EBC9B03F97F7572955F4AC";
			isa = PBXBuildFile;
			settings = {
				ATTRIBUTES = (
					);
			};
		};
		23C701E6140AE4431F1A1C8B = {
			isa = PBXFileReference;
			name = "bitmap.cpp";
			path = "../hertzStrokes/bitmap.cpp";
			refType = 4;
			lastKnownFileType = "sourcecode.cpp.cpp";
		};
		7CDAFB6DA4F73555E4458B81 = {
			fileRef = "23C701E6140AE4431F1A1C8B";
			isa = PBXBuildFile;
			settings = {
				ATTRIBUTES = (
					);
			};
		};
		DFEC5D2D67008FFFA39D017F = {
			isa = PBXFileReference;
			name = "trackGraph.C";
			path = "../trackGraph.C";
			refType = 4;
			lastKnownFileType = "sourcecode.cpp.cpp";
		};
		20E249C90D6FF60480BEC1B9 = {
			fileRef = "DFEC5D2D67008FFFA39D017F";
			isa = PBXBuildFile;
			settings = {
				ATTRIBUTES = (
					);
			};
		};
		C8614CA5657217E0F34041E3 = {
			isa = PBXFileReference;
			name = "drawContCorr.C";
			path = "../drawContCorr.C";
			refType = 4;
			lastKnownFileType = "sourcecode.cpp.cpp";
		};
		675E0AF9F4AEC75B1393F7EA = {
			fileRef = "C8614CA5657217E0F34041E3";
			isa = PBXBuildFile;
			settings = {
				ATTRIBUTES = (
					);
			};
		};
		FDD8D8698B8D17B829DCBF34 = {
			isa = PBXFileReference;
			name = "transformer.C";
			path = "../transformer.C";
			refType = 4;
			lastKnownFileType = "sourcecode.cpp.cpp";
		};
		3D4B90496ED425AD676B75A3 = {
			fileRef = "FDD8D8698B8D17B829DCBF34";
			isa = PBXBuildFile;
			settings = {
				ATTRIBUTES = (
					);
			};
		};
		B683D5A71AAEED2AA2451E0D = {
			isa = PBXFileReference;
			name = "rotoRegion.C";
			path = "../rotoRegion.C";
			refType = 4;
			lastKnownFileType = "sourcecode.cpp.cpp";
		};
		14F7DD969C4862ED8F8105FE = {
			fileRef = "B683D5A71AAEED2AA2451E0D";
			isa = PBXBuildFile;
			settings = {
				ATTRIBUTES = (
					);
			};
		};
		0B1E2AAFA76EF9D21D04C4DF = {
			isa = PBXFileReference;
			name = "moc_mymainwindow.cpp";
			path = "moc_mymainwindow.cpp";
			refType = 4;
			lastKnownFileType = "sourcecode.cpp.cpp";
		};
		819A96660B65F9A12202F539 = {
			fileRef = "0B1E2AAFA76EF9D21D04C4DF";
			isa = PBXBuildFile;
			settings = {
				ATTRIBUTES = (
					);
			};
		};
		775CA770B58CB9AE910027A6 = {
			isa = PBXFileReference;
			name = "moc_centralWidget.cpp";
			path = "moc_centralWidget.cpp";
			refType = 4;
			lastKnownFileType = "sourcecode.cpp.cpp";
		};
		783C68FE30F1F361101DEA3B = {
			fileRef = "775CA770B58CB9AE910027A6";
			isa = PBXBuildFile;
			settings = {
				ATTRIBUTES = (
					);
			};
		};
		1E1C4355B3E2814211FC3341 = {
			isa = PBXFileReference;
			name = "moc_rotoscope.cpp";
			path = "moc_rotoscope.cpp";
			refType = 4;
			lastKnownFileType = "sourcecode.cpp.cpp";
		};
		765A1CF3C94241D87AC2CF8A = {
			fileRef = "1E1C4355B3E2814211FC3341";
			isa = PBXBuildFile;
			settings = {
				ATTRIBUTES = (
					);
			};
		};
		AE7F46039BD293769C56DDF9 = {
			isa = PBXFileReference;
			name = "moc_liveWire.cpp";
			path = "moc_liveWire.cpp";
			refType = 4;
			lastKnownFileType = "sourcecode.cpp.cpp";
		};
		D24F52AE66F57430E7CADA44 = {
			fileRef = "AE7F46039BD293769C56DDF9";
			isa = PBXBuildFile;
			settings = {
				ATTRIBUTES = (
					);
			};
		};
		5BF4A0D34921F99FEF1C3B22 = {
			isa = PBXFileReference;
			name = "moc_draw.cpp";
			path = "moc_draw.cpp";
			refType = 4;
			lastKnownFileType = "sourcecode.cpp.cpp";
		};
		5B1E9DA6D912F8DAE6688856 = {
			fileRef = "5BF4A0D34921F99FEF1C3B22";
			isa = PBXBuildFile;
			settings = {
				ATTRIBUTES = (
					);
			};
		};
		EDE3EB372D61CC2EE0BA1F4A = {
			isa = PBXFileReference;
			name = "moc_interModule.cpp";
			path = "moc_interModule.cpp";
			refType = 4;
			lastKnownFileType = "sourcecode.cpp.cpp";
		};
		3FD4A56039EBCA7C4FAF8D1B = {
			fileRef = "EDE3EB372D61CC2EE0BA1F4A";
			isa = PBXBuildFile;
			settings = {
				ATTRIBUTES = (
					);
			};
		};
		5653E7A75D471A9F4948704E = {
			isa = PBXFileReference;
			name = "moc_rangeDialog.cpp";
			path = "moc_rangeDialog.cpp";
			refType = 4;
			lastKnownFileType = "sourcecode.cpp.cpp";
		};
		B87B915F0CB0A6376ABB4C62 = {
			fileRef = "5653E7A75D471A9F4948704E";
			isa = PBXBuildFile;
			settings = {
				ATTRIBUTES = (
					);
			};
		};
		7301FFF77011C4EBCFFF6BDE = {
			isa = PBXFileReference;
			name = "mymainwindow.h";
			path = "../mymainwindow.h";
			refType = 4;
		};
		404AE1EA7F19C63CE419AE46 = {
			isa = PBXFileReference;
			name = "centralWidget.h";
			path = "../centralWidget.h";
			refType = 4;
		};
		57FA1DAF28C3AB2A041AB465 = {
			isa = PBXFileReference;
			name = "imgSequence.h";
			path = "../imgSequence.h";
			refType = 4;
		};
		45E63AE3273D3BCA604C7F92 = {
			isa = PBXFileReference;
			name = "rotoscope.h";
			path = "../rotoscope.h";
			refType = 4;
		};
		B57EED4746563D5BA368BDAF = {
			isa = PBXFileReference;
			name = "dynArray.h";
			path = "../dynArray.h";
			refType = 4;
		};
		D571763DB397E91391BEBC9C = {
			isa = PBXFileReference;
			name = "jl_vectors.h";
			path = "../jl_vectors.h";
			refType = 4;
		};
		FE602D7CF0AE796C741B59A2 = {
			isa = PBXFileReference;
			name = "llist.h";
			path = "../llist.h";
			refType = 4;
		};
		9F2D9CC577D9192FDCD2DE50 = {
			isa = PBXFileReference;
			name = "geigerCorresponder.h";
			path = "../geigerCorresponder.h";
			refType = 4;
		};
		6C75C9D637E8E9AECC25F9A5 = {
			isa = PBXFileReference;
			name = "imageGraph.h";
			path = "../imageGraph.h";
			refType = 4;
		};
		5CA087367F1CACAF82B75A88 = {
			isa = PBXFileReference;
			name = "liveWire.h";
			path = "../liveWire.h";
			refType = 4;
		};
		A30762701A77E8BB9E8170C5 = {
			isa = PBXFileReference;
			name = "heap.h";
			path = "../heap.h";
			refType = 4;
		};
		60CAA4A86A2D87726D840CE5 = {
			isa = PBXFileReference;
			name = "rotoCurves.h";
			path = "../rotoCurves.h";
			refType = 4;
		};
		398F8166971FA7145BFC8333 = {
			isa = PBXFileReference;
			name = "corresponder.h";
			path = "../corresponder.h";
			refType = 4;
		};
		EE9EB77FC6668AD67027B1BE = {
			isa = PBXFileReference;
			name = "rotoCorresponder.h";
			path = "../rotoCorresponder.h";
			refType = 4;
		};
		7B49F73DA177C2271ABD3497 = {
			isa = PBXFileReference;
			name = "draw.h";
			path = "../draw.h";
			refType = 4;
		};
		FB4B7DEAB2812795298DFE27 = {
			isa = PBXFileReference;
			name = "drawPath.h";
			path = "../drawPath.h";
			refType = 4;
		};
		E9081A2CE4F0CBE8A3CE0775 = {
			isa = PBXFileReference;
			name = "drawCurves.h";
			path = "../drawCurves.h";
			refType = 4;
		};
		5C0E5DDDE1F5847B3BBF0F13 = {
			isa = PBXFileReference;
			name = "rotoPath.h";
			path = "../rotoPath.h";
			refType = 4;
		};
		FEAC528BF838D62902F05C9D = {
			isa = PBXFileReference;
			name = "abstractPath.h";
			path = "../abstractPath.h";
			refType = 4;
		};
		44896B633A31A1EE6EF727AE = {
			isa = PBXFileReference;
			name = "interModule.h";
			path = "../interModule.h";
			refType = 4;
		};
		278C609BB9FDE8939B1EFA66 = {
			isa = PBXFileReference;
			name = "FitCurves.h";
			path = "../myCurveFit/FitCurves.h";
			refType = 4;
		};
		89767340A655491697367ACD = {
			isa = PBXFileReference;
			name = "bBoxf2D.h";
			path = "../bBoxf2D.h";
			refType = 4;
		};
		AAC20A011C17C3669780A2D2 = {
			isa = PBXFileReference;
			name = "klt.h";
			path = "../KLT/klt.h";
			refType = 4;
		};
		87871053798D47135FDC3C65 = {
			isa = PBXFileReference;
			name = "rangeDialog.h";
			path = "../rangeDialog.h";
			refType = 4;
		};
		E575A7D8186DF44AB289575A = {
			isa = PBXFileReference;
			name = "drawCorresponder.h";
			path = "../drawCorresponder.h";
			refType = 4;
		};
		51055E97BBCE208F317BD43A = {
			isa = PBXFileReference;
			name = "gcnode.h";
			path = "../gcnode.h";
			refType = 4;
		};
		1AB7A740BAA021F7BC1FF90F = {
			isa = PBXFileReference;
			name = "pixmaps.h";
			path = "../pixmaps.h";
			refType = 4;
		};
		FFC506FF50E9FA6B94F19D8B = {
			isa = PBXFileReference;
			name = "joint.h";
			path = "../joint.h";
			refType = 4;
		};
		BF2FAEAA6FF46113A8C579D1 = {
			isa = PBXFileReference;
			name = "Texture.h";
			path = "../Texture.h";
			refType = 4;
		};
		E91C92BF2FF825F37D65277B = {
			isa = PBXFileReference;
			name = "Stroke.h";
			path = "../hertzStrokes/Stroke.h";
			refType = 4;
		};
		D4396B257088D3F790737E92 = {
			isa = PBXFileReference;
			name = "bitmap.h";
			path = "../hertzStrokes/bitmap.h";
			refType = 4;
		};
		FC2B447CF6849D43CEAA55FE = {
			isa = PBXFileReference;
			name = "trackGraph.h";
			path = "../trackGraph.h";
			refType = 4;
		};
		9C7E975740766DD2900E18AF = {
			isa = PBXFileReference;
			name = "contCorr.h";
			path = "../KLT/contCorr.h";
			refType = 4;
		};
		DB62D37DF4AC92FD69BE4EFB = {
			isa = PBXFileReference;
			name = "bezSpline.h";
			path = "../KLT/bezSpline.h";
			refType = 4;
		};
		E597D7486B609159C8727F77 = {
			isa = PBXFileReference;
			name = "talkFitCurve.h";
			path = "../KLT/talkFitCurve.h";
			refType = 4;
		};
		98934296CC74F08B07B09122 = {
			isa = PBXFileReference;
			name = "drawContCorr.h";
			path = "../drawContCorr.h";
			refType = 4;
		};
		8468F94375BE9E8D3205640D = {
			isa = PBXFileReference;
			name = "transformer.h";
			path = "../transformer.h";
			refType = 4;
		};
		1787FE281BDC7046986938C2 = {
			isa = PBXFileReference;
			name = "rotoRegion.h";
			path = "../rotoRegion.h";
			refType = 4;
		};
		EADD74948EDE171424D7DA78 = {
			isa = PBXFileReference;
			name = "main.pro";
			path = "main.pro";
			refType = 4;
		};
		883D7615C4D2DE3FA1218F12 = {
			isa = PBXGroup;
			children = (
				"4458B98565818D7E2682FA2D");
			name = "Headers";
			refType = 4;
		};
		4458B98565818D7E2682FA2D = {
			isa = PBXGroup;
			children = (
				"7301FFF77011C4EBCFFF6BDE",
				"404AE1EA7F19C63CE419AE46",
				"57FA1DAF28C3AB2A041AB465",
				"45E63AE3273D3BCA604C7F92",
				"B57EED4746563D5BA368BDAF",
				"D571763DB397E91391BEBC9C",
				"FE602D7CF0AE796C741B59A2",
				"9F2D9CC577D9192FDCD2DE50",
				"6C75C9D637E8E9AECC25F9A5",
				"5CA087367F1CACAF82B75A88",
				"A30762701A77E8BB9E8170C5",
				"60CAA4A86A2D87726D840CE5",
				"398F8166971FA7145BFC8333",
				"EE9EB77FC6668AD67027B1BE",
				"7B49F73DA177C2271ABD3497",
				"FB4B7DEAB2812795298DFE27",
				"E9081A2CE4F0CBE8A3CE0775",
				"5C0E5DDDE1F5847B3BBF0F13",
				"FEAC528BF838D62902F05C9D",
				"44896B633A31A1EE6EF727AE",
				"33E5EA2D302A699E15754A04",
				"89767340A655491697367ACD",
				"E526C57031B104749DF6D6AA",
				"87871053798D47135FDC3C65",
				"E575A7D8186DF44AB289575A",
				"51055E97BBCE208F317BD43A",
				"1AB7A740BAA021F7BC1FF90F",
				"FFC506FF50E9FA6B94F19D8B",
				"BF2FAEAA6FF46113A8C579D1",
				"4BC11430BEAD88294938F9EB",
				"FC2B447CF6849D43CEAA55FE",
				"98934296CC74F08B07B09122",
				"8468F94375BE9E8D3205640D",
				"1787FE281BDC7046986938C2");
			name = "..";
			refType = 4;
		};
		E526C57031B104749DF6D6AA = {
			isa = PBXGroup;
			children = (
				"AAC20A011C17C3669780A2D2",
				"9C7E975740766DD2900E18AF",
				"DB62D37DF4AC92FD69BE4EFB",
				"E597D7486B609159C8727F77");
			name = "KLT";
			refType = 4;
		};
		4BC11430BEAD88294938F9EB = {
			isa = PBXGroup;
			children = (
				"E91C92BF2FF825F37D65277B",
				"D4396B257088D3F790737E92");
			name = "hertzStrokes";
			refType = 4;
		};
		33E5EA2D302A699E15754A04 = {
			isa = PBXGroup;
			children = (
				"278C609BB9FDE8939B1EFA66");
			name = "myCurveFit";
			refType = 4;
		};
		BFA3A29D17FD123C907B6E35 = {
			isa = PBXGroup;
			children = (
				"873B869E9F72EB1EF2529A2F",
				"2BFBC2437E620B86459A22DA",
				"99C1E481E84850299DCF6DB2",
				"57FC0AF6644FF3EECFF4478D",
				"027434F74D4B9ABA4985A07F",
				"E1E2088C2FCA771471E4912B",
				"9EA802C568D970B3363931BA",
				"EB8053C87D607CC8CD9247D0",
				"58310D362DD23699D612DF7D",
				"9814BBD867F072CE650143DA",
				"AFDC271174C2C5813E79FD59",
				"F9E08E942C2C824671BD25A3",
				"E4EAE1F20D725B255B0CEB82",
				"BB98B2394D37E39FE627E1CA",
				"9B763881817E377D0B79418B",
				"A6ADA17A20611B75B39E2173",
				"D74ED8DA888DBE47016F3A53",
				"D6F9DCB34DC04CABCD227D2F",
				"54CBABBC38396648BCD813E5",
				"95BB64EDB758A69C94B935E3",
				"9C0FAFB771E234E0BECB253C",
				"78EBC9B03F97F7572955F4AC",
				"DFEC5D2D67008FFFA39D017F",
				"C8614CA5657217E0F34041E3",
				"FDD8D8698B8D17B829DCBF34",
				"B683D5A71AAEED2AA2451E0D");
			name = "..";
			refType = 4;
		};
		BB98B2394D37E39FE627E1CA = {
			isa = PBXGroup;
			children = (
				"00FDD69B0B06F5C6E8EDDDCC",
				"23C701E6140AE4431F1A1C8B");
			name = "hertzStrokes";
			refType = 4;
		};
		D6F9DCB34DC04CABCD227D2F = {
			isa = PBXGroup;
			children = (
				"18AEE8E4395794345BC1D130",
				"166EFC4FB611D2B9AB85BF4A");
			name = "myCurveFit";
			refType = 4;
		};
		FB61758D0F0FDA4BA867C3D5 = {
			isa = PBXGroup;
			children = (
				"BFA3A29D17FD123C907B6E35");
			name = "Sources";
			refType = 4;
		};
		7CABE3C80E79AD2B307756D2 = {
			isa = PBXGroup;
			children = (
				"EADD74948EDE171424D7DA78");
			name = "Sources [qmake]";
			refType = 4;
		};
		46E892BBB6BB6952967E0561 = {
			isa = PBXGroup;
			children = (
				"0B1E2AAFA76EF9D21D04C4DF",
				"775CA770B58CB9AE910027A6",
				"1E1C4355B3E2814211FC3341",
				"AE7F46039BD293769C56DDF9",
				"5BF4A0D34921F99FEF1C3B22",
				"EDE3EB372D61CC2EE0BA1F4A",
				"5653E7A75D471A9F4948704E");
			name = "Temporary Sources";
			refType = 4;
		};
		A0A52A2ADF7A1E2A99738674 = {
			buildActionMask = 2147483647;
			files = (
				);
			generatedFileNames = (
				"7DF6D26CEC0AB2B15B68E912",
				"33ACFBEC2F50564191E9A4CB",
				"BB63B17A69DFCD22386FD18F",
				"9F7876BAE362FB5C8F4E3BB4",
				"1DE3438DB583673D545ED4F3",
				"43287C74ACF2224B016B59A3",
				"35E74BD9F58D3510A2F6AA6A",
				"F75DEC3968A0F8031A98803C",
				"046082AC33894CF5EFE2366A",
				"150966DFC905F626578C31D7",
				"0E7EF214C0CE9D468C922FC8",
				"35B47F616079A5F376DCCCFB",
				"6DDF70DFA5C75526D638052E",
				"E0082FC665A229137C296786",
				"62268095376312B75E69D283",
				"7AEC931EAAC897D4398FC590",
				"D1EBDAF4A097E1C14E4FEF82",
				"5FDF049CA0D12D5FA71CFC02",
				"BB393402C96524817DD96537",
				"3D5A3D1A4738E38A167B12E9",
				"07E5A65482444817745A0F64",
				"E9A1FC20BB71E8D008F52996",
				"505BD270B703BD14656C5147",
				"7CDAFB6DA4F73555E4458B81",
				"20E249C90D6FF60480BEC1B9",
				"675E0AF9F4AEC75B1393F7EA",
				"3D4B90496ED425AD676B75A3",
				"14F7DD969C4862ED8F8105FE",
				"819A96660B65F9A12202F539",
				"783C68FE30F1F361101DEA3B",
				"765A1CF3C94241D87AC2CF8A",
				"D24F52AE66F57430E7CADA44",
				"5B1E9DA6D912F8DAE6688856",
				"3FD4A56039EBCA7C4FAF8D1B",
				"B87B915F0CB0A6376ABB4C62");
			isa = PBXShellScriptBuildPhase;
			name = "Qt Preprocessors";
			neededFileNames = (
				"7DF6D26CEC0AB2B15B68E912",
				"33ACFBEC2F50564191E9A4CB",
				"BB63B17A69DFCD22386FD18F",
				"9F7876BAE362FB5C8F4E3BB4",
				"1DE3438DB583673D545ED4F3",
				"43287C74ACF2224B016B59A3",
				"35E74BD9F58D3510A2F6AA6A",
				"F75DEC3968A0F8031A98803C",
				"046082AC33894CF5EFE2366A",
				"150966DFC905F626578C31D7",
				"0E7EF214C0CE9D468C922FC8",
				"35B47F616079A5F376DCCCFB",
				"6DDF70DFA5C75526D638052E",
				"E0082FC665A229137C296786",
				"62268095376312B75E69D283",
				"7AEC931EAAC897D4398FC590",
				"D1EBDAF4A097E1C14E4FEF82",
				"5FDF049CA0D12D5FA71CFC02",
				"BB393402C96524817DD96537",
				"3D5A3D1A4738E38A167B12E9",
				"07E5A65482444817745A0F64",
				"E9A1FC20BB71E8D008F52996",
				"505BD270B703BD14656C5147",
				"7CDAFB6DA4F73555E4458B81",
				"20E249C90D6FF60480BEC1B9",
				"675E0AF9F4AEC75B1393F7EA",
				"3D4B90496ED425AD676B75A3",
				"14F7DD969C4862ED8F8105FE",
				"819A96660B65F9A12202F539",
				"783C68FE30F1F361101DEA3B",
				"765A1CF3C94241D87AC2CF8A",
				"D24F52AE66F57430E7CADA44",
				"5B1E9DA6D912F8DAE6688856",
				"3FD4A56039EBCA7C4FAF8D1B",
				"B87B915F0CB0A6376ABB4C62");
			shellPath = "/bin/sh";
			shellScript = "make\ -C\ /Users/bberman/Dropbox/Roto\ -f\ \'main.xcodeproj/qt_preprocess.mak\'";
		};
		C29B8785722055ED95EF7B57 = {
			buildActionMask = 2147483647;
			files = (
				"7DF6D26CEC0AB2B15B68E912",
				"33ACFBEC2F50564191E9A4CB",
				"BB63B17A69DFCD22386FD18F",
				"9F7876BAE362FB5C8F4E3BB4",
				"1DE3438DB583673D545ED4F3",
				"43287C74ACF2224B016B59A3",
				"35E74BD9F58D3510A2F6AA6A",
				"F75DEC3968A0F8031A98803C",
				"046082AC33894CF5EFE2366A",
				"150966DFC905F626578C31D7",
				"0E7EF214C0CE9D468C922FC8",
				"35B47F616079A5F376DCCCFB",
				"6DDF70DFA5C75526D638052E",
				"E0082FC665A229137C296786",
				"62268095376312B75E69D283",
				"7AEC931EAAC897D4398FC590",
				"D1EBDAF4A097E1C14E4FEF82",
				"5FDF049CA0D12D5FA71CFC02",
				"BB393402C96524817DD96537",
				"3D5A3D1A4738E38A167B12E9",
				"07E5A65482444817745A0F64",
				"E9A1FC20BB71E8D008F52996",
				"505BD270B703BD14656C5147",
				"7CDAFB6DA4F73555E4458B81",
				"20E249C90D6FF60480BEC1B9",
				"675E0AF9F4AEC75B1393F7EA",
				"3D4B90496ED425AD676B75A3",
				"14F7DD969C4862ED8F8105FE",
				"819A96660B65F9A12202F539",
				"783C68FE30F1F361101DEA3B",
				"765A1CF3C94241D87AC2CF8A",
				"D24F52AE66F57430E7CADA44",
				"5B1E9DA6D912F8DAE6688856",
				"3FD4A56039EBCA7C4FAF8D1B",
				"B87B915F0CB0A6376ABB4C62");
			isa = PBXSourcesBuildPhase;
			name = "Build Sources";
		};
		DA18A6831232F53228631AD1 = {
			isa = PBXFrameworkReference;
			name = "OpenGL.framework";
			path = "/System/Library/Frameworks/OpenGL.framework";
			refType = 0;
		};
		BCEF71E1EDFB18DA77DC750B = {
			fileRef = "DA18A6831232F53228631AD1";
			isa = PBXBuildFile;
			settings = {
			};
		};
		C6766F86E49E9C8701C8E637 = {
			isa = PBXFrameworkReference;
			name = "AGL.framework";
			path = "/System/Library/Frameworks/AGL.framework";
			refType = 0;
		};
		0C6D4628EE0B0D1479A20551 = {
			fileRef = "C6766F86E49E9C8701C8E637";
			isa = PBXBuildFile;
			settings = {
			};
		};
		774A4788C0271AA619066823 = {
			isa = PBXFrameworkReference;
			name = "QtGui.framework";
			path = "/usr/local/Cellar/qt/4.8.3/lib/QtGui.framework";
			refType = 0;
		};
		DC0712966F14BC1E6B48B4D9 = {
			fileRef = "774A4788C0271AA619066823";
			isa = PBXBuildFile;
			settings = {
			};
		};
		2E131938C8C591929B676F3B = {
			isa = PBXFrameworkReference;
			name = "QtCore.framework";
			path = "/usr/local/Cellar/qt/4.8.3/lib/QtCore.framework";
			refType = 0;
		};
		33AA8E9BF2C18FE5C87A8E3E = {
			fileRef = "2E131938C8C591929B676F3B";
			isa = PBXBuildFile;
			settings = {
			};
		};
		ED1E82605DD74B483AF3C982 = {
			children = (
				"DA18A6831232F53228631AD1",
				"C6766F86E49E9C8701C8E637",
				"774A4788C0271AA619066823",
				"2E131938C8C591929B676F3B");
			isa = PBXGroup;
			name = "External Frameworks and Libraries";
			path = "";
			refType = 4;
		};
		2A1043669E6E5A7426EA502A = {
			buildActionMask = 2147483647;
			files = (
				"BCEF71E1EDFB18DA77DC750B",
				"0C6D4628EE0B0D1479A20551",
				"DC0712966F14BC1E6B48B4D9",
				"33AA8E9BF2C18FE5C87A8E3E");
			isa = PBXFrameworksBuildPhase;
			name = "Frameworks & Libraries";
		};
		3787F99312C85FF0073FD7BA = {
			buildActionMask = 2147483647;
			files = (
			);
			isa = PBXResourcesBuildPhase;
			name = "Bundle Resources";
		};
		05596AB53D8D521C69802C27 = {
			children = (
				"FB61758D0F0FDA4BA867C3D5",
				"46E892BBB6BB6952967E0561",
				"883D7615C4D2DE3FA1218F12",
				"7CABE3C80E79AD2B307756D2",
				"ED1E82605DD74B483AF3C982");
			isa = PBXGroup;
			name = "main";
			path = "";
			refType = 4;
		};
		3D3B481DE0A5B6EAEA22348E = {
			isa = PBXFileReference;
			explicitFileType = "wrapper.application";
			path = "main.app";
			refType = 3;
			sourceTree = BUILT_PRODUCTS_DIR;
		};
		068F80C7519D0528FB08E821 = {
			children = (
				"3D3B481DE0A5B6EAEA22348E");
			isa = PBXGroup;
			name = "Products";
			refType = 4;
		};
		59A43ED65DE07F53157FB923 = {
			buildPhases = (
				"D7BA7D76DAB5DD13389D6332",
				"A0A52A2ADF7A1E2A99738674",
				"C29B8785722055ED95EF7B57",
				"2A1043669E6E5A7426EA502A",
				"3787F99312C85FF0073FD7BA");
			buildSettings = {
				CC = "/Applications/Xcode.app/Contents/Developer/usr/bin/gcc";
				CPLUSPLUS = "/Applications/Xcode.app/Contents/Developer/usr/bin/g++";
				LEXFLAGS = "";
				YACCFLAGS = "-d";
				OTHER_REZFLAGS = "";
				SECTORDER_FLAGS = "";
				WARNING_CFLAGS = "";
				PREBINDING = NO;
				INFOPLIST_FILE = "Info.plist";
				BUILD_ROOT = "/Users/bberman/Dropbox/Roto";
				OTHER_LDFLAGS = (
						"-headerpad_max_install_names",
						"-L/usr/local/Cellar/qt/4.8.3/lib",
						"-F/usr/local/Cellar/qt/4.8.3/lib",
						"KLT/libKLT.a",
						"-L/usr/local/Cellar/qt/4.8.3/lib",
						"-F/usr/local/Cellar/qt/4.8.3/lib");
				DYLIB_CURRENT_VERSION = "1.0.0";
				DYLIB_COMPATIBILITY_VERSION = "1.0";
				MACOSX_DEPLOYMENT_TARGET = "10.4";
				PRODUCT_NAME = "main";
			};
			conditionalBuildSettings = {
			};
			dependencies = (
				);
			productReference = "3D3B481DE0A5B6EAEA22348E";
			shouldUseHeadermap = 1;
			buildConfigurationList = 17B3380A4D6A7D415E7F2E1E;
			isa = PBXNativeTarget;
			productType = "com.apple.product-type.application";
			productSettingsXML = "<?xml version=\"1.0\" encoding=\"UTF-8\"?>
<!DOCTYPE plist SYSTEM \"file://localhost/System/Library/DTDs/PropertyList.dtd\">
<plist version=\"0.9\">
<dict>
	<key>CFBundleIconFile</key>
	<string></string>
	<key>CFBundlePackageType</key>
	<string>APPL</string>
 	<key>CFBundleGetInfoString</key>
	<string>Created by Qt/QMake</string>
	<key>CFBundleSignature</key>
	<string>????</string>
	<key>CFBundleExecutable</key>
	<string>main</string>
	<key>CFBundleIdentifier</key>
	<string>com.yourcompany.main</string>
	<key>NOTE</key>
	<string>This file was generated by Qt/QMake.</string>
</dict>
</plist>
";
			name = "main";
			productName = "main";
			startupPath = "<<ProjectDirectory>>";
		};
		4B72B24813252891014BCF61 = {
			isa = XCBuildConfiguration;
			buildSettings = {
				COPY_PHASE_STRIP = "NO";
				GCC_GENERATE_DEBUGGING_SYMBOLS = "YES";
				GCC_OPTIMIZATION_LEVEL = "0";
				PRODUCT_NAME = "main";
				HEADER_SEARCH_PATHS = (
					"/usr/local/Cellar/qt/4.8.3/lib/QtCore.framework/Versions/4/Headers",
					"/usr/local/Cellar/qt/4.8.3/lib/QtCore.framework/Versions/4/Headers",
					"/usr/local/Cellar/qt/4.8.3/lib/QtGui.framework/Versions/4/Headers",
					"/usr/local/Cellar/qt/4.8.3/lib/QtGui.framework/Versions/4/Headers",
					"/usr/local/Cellar/qt/4.8.3/include",
					"../myCurveFit",
					"/homes/gws/aseem/boost",
					"/System/Library/Frameworks/OpenGL.framework/Versions/A/Headers",
					"/System/Library/Frameworks/AGL.framework/Headers",
					".",
					"../../Roto",
					"/usr/local/include",
					"/System/Library/Frameworks/CarbonCore.framework/Headers",
					".",
					"/usr/local/Cellar/qt/4.8.3/mkspecs/macx-xcode");
				LIBRARY_SEARCH_PATHS = (
					"/usr/local/Cellar/qt/4.8.3/lib",
					"/System/Library/Frameworks/",
					"/usr/local/Cellar/qt/4.8.3/lib");
				FRAMEWORK_SEARCH_PATHS = (
					"/usr/local/Cellar/qt/4.8.3/lib",
					"/usr/local/Cellar/qt/4.8.3/lib",
					"/usr/local/Cellar/qt/4.8.3/lib");
				INFOPLIST_FILE = "Info.plist";
				OTHER_CFLAGS = (
					"-pipe",
					"-O2",
					"-Wall",
					"-W",
					"-DQT_NO_DEBUG",
					"-DQT_GUI_LIB",
					"-DQT_CORE_LIB",
					"-DQT_SHARED");
				OTHER_CPLUSPLUSFLAGS = (
					"-pipe",
					"-O2",
					"-DNDEBUG",
					"-Wall",
					"-W",
					"-DQT_NO_DEBUG",
					"-DQT_GUI_LIB",
					"-DQT_CORE_LIB",
					"-DQT_SHARED");
				OTHER_LDFLAGS = (
						"-headerpad_max_install_names",
						"-L/usr/local/Cellar/qt/4.8.3/lib",
						"-F/usr/local/Cellar/qt/4.8.3/lib",
						"KLT/libKLT.a",
						"-L/usr/local/Cellar/qt/4.8.3/lib",
						"-F/usr/local/Cellar/qt/4.8.3/lib");
				ARCHS = "x86_64";
			};
			name = "Debug";
		};
		BEC09A62E69C3553534FF35E = {
			isa = XCBuildConfiguration;
			buildSettings = {
				COPY_PHASE_STRIP = "NO";
				GCC_GENERATE_DEBUGGING_SYMBOLS = "YES";
				GCC_OPTIMIZATION_LEVEL = "0";
				PRODUCT_NAME = "main";
				PRODUCT_NAME = "main";
			};
			name = "Debug";
		};
		2C641C3335766025DD51B7BD = {
			buildRules = (
				);
			buildSettings = {
				COPY_PHASE_STRIP = "NO";
				GCC_GENERATE_DEBUGGING_SYMBOLS = "YES";
				GCC_OPTIMIZATION_LEVEL = "0";
				PRODUCT_NAME = "main";
			};
			isa = "PBXBuildStyle";
			name = "Debug";
		};
		D70590BEB531B51029F711BB = {
			isa = XCBuildConfiguration;
			buildSettings = {
				COPY_PHASE_STRIP = "YES";
				GCC_GENERATE_DEBUGGING_SYMBOLS = "NO";
				PRODUCT_NAME = "main";
				HEADER_SEARCH_PATHS = (
					"/usr/local/Cellar/qt/4.8.3/lib/QtCore.framework/Versions/4/Headers",
					"/usr/local/Cellar/qt/4.8.3/lib/QtCore.framework/Versions/4/Headers",
					"/usr/local/Cellar/qt/4.8.3/lib/QtGui.framework/Versions/4/Headers",
					"/usr/local/Cellar/qt/4.8.3/lib/QtGui.framework/Versions/4/Headers",
					"/usr/local/Cellar/qt/4.8.3/include",
					"../myCurveFit",
					"/homes/gws/aseem/boost",
					"/System/Library/Frameworks/OpenGL.framework/Versions/A/Headers",
					"/System/Library/Frameworks/AGL.framework/Headers",
					".",
					"../../Roto",
					"/usr/local/include",
					"/System/Library/Frameworks/CarbonCore.framework/Headers",
					".",
					"/usr/local/Cellar/qt/4.8.3/mkspecs/macx-xcode");
				LIBRARY_SEARCH_PATHS = (
					"/usr/local/Cellar/qt/4.8.3/lib",
					"/System/Library/Frameworks/",
					"/usr/local/Cellar/qt/4.8.3/lib");
				FRAMEWORK_SEARCH_PATHS = (
					"/usr/local/Cellar/qt/4.8.3/lib",
					"/usr/local/Cellar/qt/4.8.3/lib",
					"/usr/local/Cellar/qt/4.8.3/lib");
				INFOPLIST_FILE = "Info.plist";
				OTHER_CFLAGS = (
					"-pipe",
					"-O2",
					"-Wall",
					"-W",
					"-DQT_NO_DEBUG",
					"-DQT_GUI_LIB",
					"-DQT_CORE_LIB",
					"-DQT_SHARED");
				OTHER_CPLUSPLUSFLAGS = (
					"-pipe",
					"-O2",
					"-DNDEBUG",
					"-Wall",
					"-W",
					"-DQT_NO_DEBUG",
					"-DQT_GUI_LIB",
					"-DQT_CORE_LIB",
					"-DQT_SHARED");
				OTHER_LDFLAGS = (
						"-headerpad_max_install_names",
						"-L/usr/local/Cellar/qt/4.8.3/lib",
						"-F/usr/local/Cellar/qt/4.8.3/lib",
						"KLT/libKLT.a",
						"-L/usr/local/Cellar/qt/4.8.3/lib",
						"-F/usr/local/Cellar/qt/4.8.3/lib");
				ARCHS = "x86_64";
			};
			name = "Release";
		};
		8C7174830A1E4DCBA0332EC1 = {
			isa = XCBuildConfiguration;
			buildSettings = {
				COPY_PHASE_STRIP = "YES";
				GCC_GENERATE_DEBUGGING_SYMBOLS = "NO";
				PRODUCT_NAME = "main";
				PRODUCT_NAME = "main";
			};
			name = "Release";
		};
		26DE8D2AEA4B3714B41E931F = {
			buildRules = (
				);
			buildSettings = {
				COPY_PHASE_STRIP = "YES";
				GCC_GENERATE_DEBUGGING_SYMBOLS = "NO";
				PRODUCT_NAME = "main";
			};
			isa = "PBXBuildStyle";
			name = "Release";
		};
		CC82A9286117DFED018F418F = {
			isa = XCConfigurationList;
			buildConfigurations = (
				"4B72B24813252891014BCF61",
				"D70590BEB531B51029F711BB");
			defaultConfigurationIsVisible = 0;
			defaultConfigurationIsName = "Release";
		};
		17B3380A4D6A7D415E7F2E1E = {
			isa = XCConfigurationList;
			buildConfigurations = (
				"BEC09A62E69C3553534FF35E",
				"8C7174830A1E4DCBA0332EC1");
			defaultConfigurationIsVisible = 0;
			defaultConfigurationIsName = "Release";
		};
		91B15E841AA80083484172DE = {
			buildStyles = (
				"2C641C3335766025DD51B7BD",
				"26DE8D2AEA4B3714B41E931F");
			hasScannedForEncodings = 1;
			isa = PBXProject;
			mainGroup = "05596AB53D8D521C69802C27";
			buildConfigurationList = "CC82A9286117DFED018F418F";
			projectDirPath = "";
			targets = (
				"59A43ED65DE07F53157FB923");
		};
	};
	rootObject = "91B15E841AA80083484172DE";
}
